// !$*UTF8*$!
{
	archiveVersion = 1;
	classes = {
	};
	objectVersion = 77;
	objects = {

/* Begin PBXContainerItemProxy section */
		181C7BEC2D6A5B9600E49785 /* PBXContainerItemProxy */ = {
			isa = PBXContainerItemProxy;
			containerPortal = 181C7BCD2D6A5B9300E49785 /* Project object */;
			proxyType = 1;
			remoteGlobalIDString = 181C7BD42D6A5B9300E49785;
			remoteInfo = studentsCalendar;
		};
		181C7BF62D6A5B9600E49785 /* PBXContainerItemProxy */ = {
			isa = PBXContainerItemProxy;
			containerPortal = 181C7BCD2D6A5B9300E49785 /* Project object */;
			proxyType = 1;
			remoteGlobalIDString = 181C7BD42D6A5B9300E49785;
			remoteInfo = studentsCalendar;
		};
/* End PBXContainerItemProxy section */

/* Begin PBXFileReference section */
		181C7BD52D6A5B9300E49785 /* studentsCalendar.app */ = {isa = PBXFileReference; explicitFileType = wrapper.application; includeInIndex = 0; path = studentsCalendar.app; sourceTree = BUILT_PRODUCTS_DIR; };
		181C7BEB2D6A5B9600E49785 /* studentsCalendarTests.xctest */ = {isa = PBXFileReference; explicitFileType = wrapper.cfbundle; includeInIndex = 0; path = studentsCalendarTests.xctest; sourceTree = BUILT_PRODUCTS_DIR; };
		181C7BF52D6A5B9600E49785 /* studentsCalendarUITests.xctest */ = {isa = PBXFileReference; explicitFileType = wrapper.cfbundle; includeInIndex = 0; path = studentsCalendarUITests.xctest; sourceTree = BUILT_PRODUCTS_DIR; };
/* End PBXFileReference section */

/* Begin PBXFileSystemSynchronizedBuildFileExceptionSet section */
		181C7BFD2D6A5B9600E49785 /* Exceptions for "studentsCalendar" folder in "studentsCalendar" target */ = {
			isa = PBXFileSystemSynchronizedBuildFileExceptionSet;
			membershipExceptions = (
				Info.plist,
			);
			target = 181C7BD42D6A5B9300E49785 /* studentsCalendar */;
		};
/* End PBXFileSystemSynchronizedBuildFileExceptionSet section */

/* Begin PBXFileSystemSynchronizedRootGroup section */
		181C7BD72D6A5B9300E49785 /* studentsCalendar */ = {
			isa = PBXFileSystemSynchronizedRootGroup;
			exceptions = (
				181C7BFD2D6A5B9600E49785 /* Exceptions for "studentsCalendar" folder in "studentsCalendar" target */,
			);
			path = studentsCalendar;
			sourceTree = "<group>";
		};
		181C7BEE2D6A5B9600E49785 /* studentsCalendarTests */ = {
			isa = PBXFileSystemSynchronizedRootGroup;
			path = studentsCalendarTests;
			sourceTree = "<group>";
		};
		181C7BF82D6A5B9600E49785 /* studentsCalendarUITests */ = {
			isa = PBXFileSystemSynchronizedRootGroup;
			path = studentsCalendarUITests;
			sourceTree = "<group>";
		};
/* End PBXFileSystemSynchronizedRootGroup section */

/* Begin PBXFrameworksBuildPhase section */
		181C7BD22D6A5B9300E49785 /* Frameworks */ = {
			isa = PBXFrameworksBuildPhase;
			buildActionMask = 2147483647;
			files = (
			);
			runOnlyForDeploymentPostprocessing = 0;
		};
		181C7BE82D6A5B9600E49785 /* Frameworks */ = {
			isa = PBXFrameworksBuildPhase;
			buildActionMask = 2147483647;
			files = (
			);
			runOnlyForDeploymentPostprocessing = 0;
		};
		181C7BF22D6A5B9600E49785 /* Frameworks */ = {
			isa = PBXFrameworksBuildPhase;
			buildActionMask = 2147483647;
			files = (
			);
			runOnlyForDeploymentPostprocessing = 0;
		};
/* End PBXFrameworksBuildPhase section */

/* Begin PBXGroup section */
		181C7BCC2D6A5B9300E49785 = {
			isa = PBXGroup;
			children = (
				181C7BD72D6A5B9300E49785 /* studentsCalendar */,
				181C7BEE2D6A5B9600E49785 /* studentsCalendarTests */,
				181C7BF82D6A5B9600E49785 /* studentsCalendarUITests */,
				181C7BD62D6A5B9300E49785 /* Products */,
			);
			sourceTree = "<group>";
		};
		181C7BD62D6A5B9300E49785 /* Products */ = {
			isa = PBXGroup;
			children = (
				181C7BD52D6A5B9300E49785 /* studentsCalendar.app */,
				181C7BEB2D6A5B9600E49785 /* studentsCalendarTests.xctest */,
				181C7BF52D6A5B9600E49785 /* studentsCalendarUITests.xctest */,
			);
			name = Products;
			sourceTree = "<group>";
		};
/* End PBXGroup section */

/* Begin PBXNativeTarget section */
		181C7BD42D6A5B9300E49785 /* studentsCalendar */ = {
			isa = PBXNativeTarget;
			buildConfigurationList = 181C7BFE2D6A5B9600E49785 /* Build configuration list for PBXNativeTarget "studentsCalendar" */;
			buildPhases = (
				181C7BD12D6A5B9300E49785 /* Sources */,
				181C7BD22D6A5B9300E49785 /* Frameworks */,
				181C7BD32D6A5B9300E49785 /* Resources */,
			);
			buildRules = (
			);
			dependencies = (
			);
			fileSystemSynchronizedGroups = (
				181C7BD72D6A5B9300E49785 /* studentsCalendar */,
			);
			name = studentsCalendar;
			packageProductDependencies = (
			);
			productName = studentsCalendar;
			productReference = 181C7BD52D6A5B9300E49785 /* studentsCalendar.app */;
			productType = "com.apple.product-type.application";
		};
		181C7BEA2D6A5B9600E49785 /* studentsCalendarTests */ = {
			isa = PBXNativeTarget;
			buildConfigurationList = 181C7C032D6A5B9600E49785 /* Build configuration list for PBXNativeTarget "studentsCalendarTests" */;
			buildPhases = (
				181C7BE72D6A5B9600E49785 /* Sources */,
				181C7BE82D6A5B9600E49785 /* Frameworks */,
				181C7BE92D6A5B9600E49785 /* Resources */,
			);
			buildRules = (
			);
			dependencies = (
				181C7BED2D6A5B9600E49785 /* PBXTargetDependency */,
			);
			fileSystemSynchronizedGroups = (
				181C7BEE2D6A5B9600E49785 /* studentsCalendarTests */,
			);
			name = studentsCalendarTests;
			packageProductDependencies = (
			);
			productName = studentsCalendarTests;
			productReference = 181C7BEB2D6A5B9600E49785 /* studentsCalendarTests.xctest */;
			productType = "com.apple.product-type.bundle.unit-test";
		};
		181C7BF42D6A5B9600E49785 /* studentsCalendarUITests */ = {
			isa = PBXNativeTarget;
			buildConfigurationList = 181C7C062D6A5B9600E49785 /* Build configuration list for PBXNativeTarget "studentsCalendarUITests" */;
			buildPhases = (
				181C7BF12D6A5B9600E49785 /* Sources */,
				181C7BF22D6A5B9600E49785 /* Frameworks */,
				181C7BF32D6A5B9600E49785 /* Resources */,
			);
			buildRules = (
			);
			dependencies = (
				181C7BF72D6A5B9600E49785 /* PBXTargetDependency */,
			);
			fileSystemSynchronizedGroups = (
				181C7BF82D6A5B9600E49785 /* studentsCalendarUITests */,
			);
			name = studentsCalendarUITests;
			packageProductDependencies = (
			);
			productName = studentsCalendarUITests;
			productReference = 181C7BF52D6A5B9600E49785 /* studentsCalendarUITests.xctest */;
			productType = "com.apple.product-type.bundle.ui-testing";
		};
/* End PBXNativeTarget section */

/* Begin PBXProject section */
		181C7BCD2D6A5B9300E49785 /* Project object */ = {
			isa = PBXProject;
			attributes = {
				BuildIndependentTargetsInParallel = 1;
				LastSwiftUpdateCheck = 1620;
				LastUpgradeCheck = 1620;
				TargetAttributes = {
					181C7BD42D6A5B9300E49785 = {
						CreatedOnToolsVersion = 16.2;
					};
					181C7BEA2D6A5B9600E49785 = {
						CreatedOnToolsVersion = 16.2;
						TestTargetID = 181C7BD42D6A5B9300E49785;
					};
					181C7BF42D6A5B9600E49785 = {
						CreatedOnToolsVersion = 16.2;
						TestTargetID = 181C7BD42D6A5B9300E49785;
					};
				};
			};
			buildConfigurationList = 181C7BD02D6A5B9300E49785 /* Build configuration list for PBXProject "studentsCalendar" */;
			developmentRegion = en;
			hasScannedForEncodings = 0;
			knownRegions = (
				en,
				Base,
			);
			mainGroup = 181C7BCC2D6A5B9300E49785;
			minimizedProjectReferenceProxies = 1;
			packageReferences = (
				181C7C1C2D7266D200E49785 /* XCRemoteSwiftPackageReference "CalendarKit" */,
			);
			preferredProjectObjectVersion = 77;
			productRefGroup = 181C7BD62D6A5B9300E49785 /* Products */;
			projectDirPath = "";
			projectRoot = "";
			targets = (
				181C7BD42D6A5B9300E49785 /* studentsCalendar */,
				181C7BEA2D6A5B9600E49785 /* studentsCalendarTests */,
				181C7BF42D6A5B9600E49785 /* studentsCalendarUITests */,
			);
		};
/* End PBXProject section */

/* Begin PBXResourcesBuildPhase section */
		181C7BD32D6A5B9300E49785 /* Resources */ = {
			isa = PBXResourcesBuildPhase;
			buildActionMask = 2147483647;
			files = (
			);
			runOnlyForDeploymentPostprocessing = 0;
		};
		181C7BE92D6A5B9600E49785 /* Resources */ = {
			isa = PBXResourcesBuildPhase;
			buildActionMask = 2147483647;
			files = (
			);
			runOnlyForDeploymentPostprocessing = 0;
		};
		181C7BF32D6A5B9600E49785 /* Resources */ = {
			isa = PBXResourcesBuildPhase;
			buildActionMask = 2147483647;
			files = (
			);
			runOnlyForDeploymentPostprocessing = 0;
		};
/* End PBXResourcesBuildPhase section */

/* Begin PBXSourcesBuildPhase section */
		181C7BD12D6A5B9300E49785 /* Sources */ = {
			isa = PBXSourcesBuildPhase;
			buildActionMask = 2147483647;
			files = (
			);
			runOnlyForDeploymentPostprocessing = 0;
		};
		181C7BE72D6A5B9600E49785 /* Sources */ = {
			isa = PBXSourcesBuildPhase;
			buildActionMask = 2147483647;
			files = (
			);
			runOnlyForDeploymentPostprocessing = 0;
		};
		181C7BF12D6A5B9600E49785 /* Sources */ = {
			isa = PBXSourcesBuildPhase;
			buildActionMask = 2147483647;
			files = (
			);
			runOnlyForDeploymentPostprocessing = 0;
		};
/* End PBXSourcesBuildPhase section */

/* Begin PBXTargetDependency section */
		181C7BED2D6A5B9600E49785 /* PBXTargetDependency */ = {
			isa = PBXTargetDependency;
			target = 181C7BD42D6A5B9300E49785 /* studentsCalendar */;
			targetProxy = 181C7BEC2D6A5B9600E49785 /* PBXContainerItemProxy */;
		};
		181C7BF72D6A5B9600E49785 /* PBXTargetDependency */ = {
			isa = PBXTargetDependency;
			target = 181C7BD42D6A5B9300E49785 /* studentsCalendar */;
			targetProxy = 181C7BF62D6A5B9600E49785 /* PBXContainerItemProxy */;
		};
/* End PBXTargetDependency section */

/* Begin XCBuildConfiguration section */
		181C7BFF2D6A5B9600E49785 /* Debug */ = {
			isa = XCBuildConfiguration;
			buildSettings = {
				ASSETCATALOG_COMPILER_APPICON_NAME = AppIcon;
				ASSETCATALOG_COMPILER_GLOBAL_ACCENT_COLOR_NAME = AccentColor;
				CODE_SIGN_STYLE = Automatic;
				CURRENT_PROJECT_VERSION = 1;
				DEVELOPMENT_TEAM = QCZYA82F7V;
				GENERATE_INFOPLIST_FILE = YES;
				INFOPLIST_FILE = studentsCalendar/Info.plist;
				INFOPLIST_KEY_UIApplicationSupportsIndirectInputEvents = YES;
				INFOPLIST_KEY_UILaunchStoryboardName = LaunchScreen;
				INFOPLIST_KEY_UIMainStoryboardFile = Main;
				INFOPLIST_KEY_UISupportedInterfaceOrientations_iPad = "UIInterfaceOrientationPortrait UIInterfaceOrientationPortraitUpsideDown UIInterfaceOrientationLandscapeLeft UIInterfaceOrientationLandscapeRight";
				INFOPLIST_KEY_UISupportedInterfaceOrientations_iPhone = "UIInterfaceOrientationPortrait UIInterfaceOrientationLandscapeLeft UIInterfaceOrientationLandscapeRight";
				IPHONEOS_DEPLOYMENT_TARGET = 18;
				LD_RUNPATH_SEARCH_PATHS = (
					"$(inherited)",
					"@executable_path/Frameworks",
				);
				MARKETING_VERSION = 1.0;
				PRODUCT_BUNDLE_IDENTIFIER = Home.studentsCalendar;
				PRODUCT_NAME = "$(TARGET_NAME)";
				SWIFT_EMIT_LOC_STRINGS = YES;
				SWIFT_VERSION = 5.0;
				TARGETED_DEVICE_FAMILY = "1,2";
			};
			name = Debug;
		};
		181C7C002D6A5B9600E49785 /* Release */ = {
			isa = XCBuildConfiguration;
			buildSettings = {
				ASSETCATALOG_COMPILER_APPICON_NAME = AppIcon;
				ASSETCATALOG_COMPILER_GLOBAL_ACCENT_COLOR_NAME = AccentColor;
				CODE_SIGN_STYLE = Automatic;
				CURRENT_PROJECT_VERSION = 1;
				DEVELOPMENT_TEAM = QCZYA82F7V;
				GENERATE_INFOPLIST_FILE = YES;
				INFOPLIST_FILE = studentsCalendar/Info.plist;
				INFOPLIST_KEY_UIApplicationSupportsIndirectInputEvents = YES;
				INFOPLIST_KEY_UILaunchStoryboardName = LaunchScreen;
				INFOPLIST_KEY_UIMainStoryboardFile = Main;
				INFOPLIST_KEY_UISupportedInterfaceOrientations_iPad = "UIInterfaceOrientationPortrait UIInterfaceOrientationPortraitUpsideDown UIInterfaceOrientationLandscapeLeft UIInterfaceOrientationLandscapeRight";
				INFOPLIST_KEY_UISupportedInterfaceOrientations_iPhone = "UIInterfaceOrientationPortrait UIInterfaceOrientationLandscapeLeft UIInterfaceOrientationLandscapeRight";
				IPHONEOS_DEPLOYMENT_TARGET = 18;
				LD_RUNPATH_SEARCH_PATHS = (
					"$(inherited)",
					"@executable_path/Frameworks",
				);
				MARKETING_VERSION = 1.0;
				PRODUCT_BUNDLE_IDENTIFIER = Home.studentsCalendar;
				PRODUCT_NAME = "$(TARGET_NAME)";
				SWIFT_EMIT_LOC_STRINGS = YES;
				SWIFT_VERSION = 5.0;
				TARGETED_DEVICE_FAMILY = "1,2";
			};
			name = Release;
		};
		181C7C012D6A5B9600E49785 /* Debug */ = {
			isa = XCBuildConfiguration;
			buildSettings = {
				ALWAYS_SEARCH_USER_PATHS = NO;
				ASSETCATALOG_COMPILER_GENERATE_SWIFT_ASSET_SYMBOL_EXTENSIONS = YES;
				CLANG_ANALYZER_NONNULL = YES;
				CLANG_ANALYZER_NUMBER_OBJECT_CONVERSION = YES_AGGRESSIVE;
				CLANG_CXX_LANGUAGE_STANDARD = "gnu++20";
				CLANG_ENABLE_MODULES = YES;
				CLANG_ENABLE_OBJC_ARC = YES;
				CLANG_ENABLE_OBJC_WEAK = YES;
				CLANG_WARN_BLOCK_CAPTURE_AUTORELEASING = YES;
				CLANG_WARN_BOOL_CONVERSION = YES;
				CLANG_WARN_COMMA = YES;
				CLANG_WARN_CONSTANT_CONVERSION = YES;
				CLANG_WARN_DEPRECATED_OBJC_IMPLEMENTATIONS = YES;
				CLANG_WARN_DIRECT_OBJC_ISA_USAGE = YES_ERROR;
				CLANG_WARN_DOCUMENTATION_COMMENTS = YES;
				CLANG_WARN_EMPTY_BODY = YES;
				CLANG_WARN_ENUM_CONVERSION = YES;
				CLANG_WARN_INFINITE_RECURSION = YES;
				CLANG_WARN_INT_CONVERSION = YES;
				CLANG_WARN_NON_LITERAL_NULL_CONVERSION = YES;
				CLANG_WARN_OBJC_IMPLICIT_RETAIN_SELF = YES;
				CLANG_WARN_OBJC_LITERAL_CONVERSION = YES;
				CLANG_WARN_OBJC_ROOT_CLASS = YES_ERROR;
				CLANG_WARN_QUOTED_INCLUDE_IN_FRAMEWORK_HEADER = YES;
				CLANG_WARN_RANGE_LOOP_ANALYSIS = YES;
				CLANG_WARN_STRICT_PROTOTYPES = YES;
				CLANG_WARN_SUSPICIOUS_MOVE = YES;
				CLANG_WARN_UNGUARDED_AVAILABILITY = YES_AGGRESSIVE;
				CLANG_WARN_UNREACHABLE_CODE = YES;
				CLANG_WARN__DUPLICATE_METHOD_MATCH = YES;
				COPY_PHASE_STRIP = NO;
				DEBUG_INFORMATION_FORMAT = dwarf;
				ENABLE_STRICT_OBJC_MSGSEND = YES;
				ENABLE_TESTABILITY = YES;
				ENABLE_USER_SCRIPT_SANDBOXING = YES;
				GCC_C_LANGUAGE_STANDARD = gnu17;
				GCC_DYNAMIC_NO_PIC = NO;
				GCC_NO_COMMON_BLOCKS = YES;
				GCC_OPTIMIZATION_LEVEL = 0;
				GCC_PREPROCESSOR_DEFINITIONS = (
					"DEBUG=1",
					"$(inherited)",
				);
				GCC_WARN_64_TO_32_BIT_CONVERSION = YES;
				GCC_WARN_ABOUT_RETURN_TYPE = YES_ERROR;
				GCC_WARN_UNDECLARED_SELECTOR = YES;
				GCC_WARN_UNINITIALIZED_AUTOS = YES_AGGRESSIVE;
				GCC_WARN_UNUSED_FUNCTION = YES;
				GCC_WARN_UNUSED_VARIABLE = YES;
				IPHONEOS_DEPLOYMENT_TARGET = 18.2;
				LOCALIZATION_PREFERS_STRING_CATALOGS = YES;
				MTL_ENABLE_DEBUG_INFO = INCLUDE_SOURCE;
				MTL_FAST_MATH = YES;
				ONLY_ACTIVE_ARCH = YES;
				SDKROOT = iphoneos;
				SWIFT_ACTIVE_COMPILATION_CONDITIONS = "DEBUG $(inherited)";
				SWIFT_OPTIMIZATION_LEVEL = "-Onone";
			};
			name = Debug;
		};
		181C7C022D6A5B9600E49785 /* Release */ = {
			isa = XCBuildConfiguration;
			buildSettings = {
				ALWAYS_SEARCH_USER_PATHS = NO;
				ASSETCATALOG_COMPILER_GENERATE_SWIFT_ASSET_SYMBOL_EXTENSIONS = YES;
				CLANG_ANALYZER_NONNULL = YES;
				CLANG_ANALYZER_NUMBER_OBJECT_CONVERSION = YES_AGGRESSIVE;
				CLANG_CXX_LANGUAGE_STANDARD = "gnu++20";
				CLANG_ENABLE_MODULES = YES;
				CLANG_ENABLE_OBJC_ARC = YES;
				CLANG_ENABLE_OBJC_WEAK = YES;
				CLANG_WARN_BLOCK_CAPTURE_AUTORELEASING = YES;
				CLANG_WARN_BOOL_CONVERSION = YES;
				CLANG_WARN_COMMA = YES;
				CLANG_WARN_CONSTANT_CONVERSION = YES;
				CLANG_WARN_DEPRECATED_OBJC_IMPLEMENTATIONS = YES;
				CLANG_WARN_DIRECT_OBJC_ISA_USAGE = YES_ERROR;
				CLANG_WARN_DOCUMENTATION_COMMENTS = YES;
				CLANG_WARN_EMPTY_BODY = YES;
				CLANG_WARN_ENUM_CONVERSION = YES;
				CLANG_WARN_INFINITE_RECURSION = YES;
				CLANG_WARN_INT_CONVERSION = YES;
				CLANG_WARN_NON_LITERAL_NULL_CONVERSION = YES;
				CLANG_WARN_OBJC_IMPLICIT_RETAIN_SELF = YES;
				CLANG_WARN_OBJC_LITERAL_CONVERSION = YES;
				CLANG_WARN_OBJC_ROOT_CLASS = YES_ERROR;
				CLANG_WARN_QUOTED_INCLUDE_IN_FRAMEWORK_HEADER = YES;
				CLANG_WARN_RANGE_LOOP_ANALYSIS = YES;
				CLANG_WARN_STRICT_PROTOTYPES = YES;
				CLANG_WARN_SUSPICIOUS_MOVE = YES;
				CLANG_WARN_UNGUARDED_AVAILABILITY = YES_AGGRESSIVE;
				CLANG_WARN_UNREACHABLE_CODE = YES;
				CLANG_WARN__DUPLICATE_METHOD_MATCH = YES;
				COPY_PHASE_STRIP = NO;
				DEBUG_INFORMATION_FORMAT = "dwarf-with-dsym";
				ENABLE_NS_ASSERTIONS = NO;
				ENABLE_STRICT_OBJC_MSGSEND = YES;
				ENABLE_USER_SCRIPT_SANDBOXING = YES;
				GCC_C_LANGUAGE_STANDARD = gnu17;
				GCC_NO_COMMON_BLOCKS = YES;
				GCC_WARN_64_TO_32_BIT_CONVERSION = YES;
				GCC_WARN_ABOUT_RETURN_TYPE = YES_ERROR;
				GCC_WARN_UNDECLARED_SELECTOR = YES;
				GCC_WARN_UNINITIALIZED_AUTOS = YES_AGGRESSIVE;
				GCC_WARN_UNUSED_FUNCTION = YES;
				GCC_WARN_UNUSED_VARIABLE = YES;
				IPHONEOS_DEPLOYMENT_TARGET = 18.2;
				LOCALIZATION_PREFERS_STRING_CATALOGS = YES;
				MTL_ENABLE_DEBUG_INFO = NO;
				MTL_FAST_MATH = YES;
				SDKROOT = iphoneos;
				SWIFT_COMPILATION_MODE = wholemodule;
				VALIDATE_PRODUCT = YES;
			};
			name = Release;
		};
		181C7C042D6A5B9600E49785 /* Debug */ = {
			isa = XCBuildConfiguration;
			buildSettings = {
				BUNDLE_LOADER = "$(TEST_HOST)";
				CODE_SIGN_STYLE = Automatic;
				CURRENT_PROJECT_VERSION = 1;
				DEVELOPMENT_TEAM = QCZYA82F7V;
				GENERATE_INFOPLIST_FILE = YES;
				IPHONEOS_DEPLOYMENT_TARGET = 18.2;
				MARKETING_VERSION = 1.0;
				PRODUCT_BUNDLE_IDENTIFIER = Home.studentsCalendarTests;
				PRODUCT_NAME = "$(TARGET_NAME)";
				SWIFT_EMIT_LOC_STRINGS = NO;
				SWIFT_VERSION = 5.0;
				TARGETED_DEVICE_FAMILY = "1,2";
				TEST_HOST = "$(BUILT_PRODUCTS_DIR)/studentsCalendar.app/$(BUNDLE_EXECUTABLE_FOLDER_PATH)/studentsCalendar";
			};
			name = Debug;
		};
		181C7C052D6A5B9600E49785 /* Release */ = {
			isa = XCBuildConfiguration;
			buildSettings = {
				BUNDLE_LOADER = "$(TEST_HOST)";
				CODE_SIGN_STYLE = Automatic;
				CURRENT_PROJECT_VERSION = 1;
				DEVELOPMENT_TEAM = QCZYA82F7V;
				GENERATE_INFOPLIST_FILE = YES;
				IPHONEOS_DEPLOYMENT_TARGET = 18.2;
				MARKETING_VERSION = 1.0;
				PRODUCT_BUNDLE_IDENTIFIER = Home.studentsCalendarTests;
				PRODUCT_NAME = "$(TARGET_NAME)";
				SWIFT_EMIT_LOC_STRINGS = NO;
				SWIFT_VERSION = 5.0;
				TARGETED_DEVICE_FAMILY = "1,2";
				TEST_HOST = "$(BUILT_PRODUCTS_DIR)/studentsCalendar.app/$(BUNDLE_EXECUTABLE_FOLDER_PATH)/studentsCalendar";
			};
			name = Release;
		};
		181C7C072D6A5B9600E49785 /* Debug */ = {
			isa = XCBuildConfiguration;
			buildSettings = {
				CODE_SIGN_STYLE = Automatic;
				CURRENT_PROJECT_VERSION = 1;
				DEVELOPMENT_TEAM = QCZYA82F7V;
				GENERATE_INFOPLIST_FILE = YES;
				MARKETING_VERSION = 1.0;
				PRODUCT_BUNDLE_IDENTIFIER = Home.studentsCalendarUITests;
				PRODUCT_NAME = "$(TARGET_NAME)";
				SWIFT_EMIT_LOC_STRINGS = NO;
				SWIFT_VERSION = 5.0;
				TARGETED_DEVICE_FAMILY = "1,2";
				TEST_TARGET_NAME = studentsCalendar;
			};
			name = Debug;
		};
		181C7C082D6A5B9600E49785 /* Release */ = {
			isa = XCBuildConfiguration;
			buildSettings = {
				CODE_SIGN_STYLE = Automatic;
				CURRENT_PROJECT_VERSION = 1;
				DEVELOPMENT_TEAM = QCZYA82F7V;
				GENERATE_INFOPLIST_FILE = YES;
				MARKETING_VERSION = 1.0;
				PRODUCT_BUNDLE_IDENTIFIER = Home.studentsCalendarUITests;
				PRODUCT_NAME = "$(TARGET_NAME)";
				SWIFT_EMIT_LOC_STRINGS = NO;
				SWIFT_VERSION = 5.0;
				TARGETED_DEVICE_FAMILY = "1,2";
				TEST_TARGET_NAME = studentsCalendar;
			};
			name = Release;
		};
/* End XCBuildConfiguration section */

/* Begin XCConfigurationList section */
		181C7BD02D6A5B9300E49785 /* Build configuration list for PBXProject "studentsCalendar" */ = {
			isa = XCConfigurationList;
			buildConfigurations = (
				181C7C012D6A5B9600E49785 /* Debug */,
				181C7C022D6A5B9600E49785 /* Release */,
			);
			defaultConfigurationIsVisible = 0;
			defaultConfigurationName = Release;
		};
		181C7BFE2D6A5B9600E49785 /* Build configuration list for PBXNativeTarget "studentsCalendar" */ = {
			isa = XCConfigurationList;
			buildConfigurations = (
				181C7BFF2D6A5B9600E49785 /* Debug */,
				181C7C002D6A5B9600E49785 /* Release */,
			);
			defaultConfigurationIsVisible = 0;
			defaultConfigurationName = Release;
		};
		181C7C032D6A5B9600E49785 /* Build configuration list for PBXNativeTarget "studentsCalendarTests" */ = {
			isa = XCConfigurationList;
			buildConfigurations = (
				181C7C042D6A5B9600E49785 /* Debug */,
				181C7C052D6A5B9600E49785 /* Release */,
			);
			defaultConfigurationIsVisible = 0;
			defaultConfigurationName = Release;
		};
		181C7C062D6A5B9600E49785 /* Build configuration list for PBXNativeTarget "studentsCalendarUITests" */ = {
			isa = XCConfigurationList;
			buildConfigurations = (
				181C7C072D6A5B9600E49785 /* Debug */,
				181C7C082D6A5B9600E49785 /* Release */,
			);
			defaultConfigurationIsVisible = 0;
			defaultConfigurationName = Release;
		};
/* End XCConfigurationList section */

/* Begin XCRemoteSwiftPackageReference section */
		181C7C1C2D7266D200E49785 /* XCRemoteSwiftPackageReference "CalendarKit" */ = {
			isa = XCRemoteSwiftPackageReference;
			repositoryURL = "https://github.com/richardtop/CalendarKit.git";
			requirement = {
				kind = upToNextMajorVersion;
				minimumVersion = 1.1.11;
			};
		};
/* End XCRemoteSwiftPackageReference section */
	};
	rootObject = 181C7BCD2D6A5B9300E49785 /* Project object */;
}
